
Microsoft Visual Studio Solution File, Format Version 12.00
# Visual Studio 15
VisualStudioVersion = 15.0.26730.15
MinimumVisualStudioVersion = 10.0.40219.1
Project("{8BC9CEB8-8B4A-11D0-8D11-00A0C91BC942}") = "12.DynamicMemory", "12.DynamicMemory\12.DynamicMemory.vcxproj", "{9CA880F7-7C15-4F57-85EC-CA794B3C16D1}"
EndProject
Project("{8BC9CEB8-8B4A-11D0-8D11-00A0C91BC942}") = "13.copyAssignDestroy", "13.copyAssignDestroy\13.copyAssignDestroy.vcxproj", "{8AA697B2-E070-409E-93EC-305AC7826FED}"
EndProject
Project("{8BC9CEB8-8B4A-11D0-8D11-00A0C91BC942}") = "16.TemplateAndGenericProgramming", "16.TemplateAndGenericProgramming\16.TemplateAndGenericProgramming.vcxproj", "{28CFA9EE-B4AF-42CE-8923-7259373AA86D}"
EndProject
Global
	GlobalSection(SolutionConfigurationPlatforms) = preSolution
		Debug|x64 = Debug|x64
		Debug|x86 = Debug|x86
		Release|x64 = Release|x64
		Release|x86 = Release|x86
	EndGlobalSection
	GlobalSection(ProjectConfigurationPlatforms) = postSolution
		{9CA880F7-7C15-4F57-85EC-CA794B3C16D1}.Debug|x64.ActiveCfg = Debug|x64
		{9CA880F7-7C15-4F57-85EC-CA794B3C16D1}.Debug|x64.Build.0 = Debug|x64
		{9CA880F7-7C15-4F57-85EC-CA794B3C16D1}.Debug|x86.ActiveCfg = Debug|Win32
		{9CA880F7-7C15-4F57-85EC-CA794B3C16D1}.Debug|x86.Build.0 = Debug|Win32
		{9CA880F7-7C15-4F57-85EC-CA794B3C16D1}.Release|x64.ActiveCfg = Release|x64
		{9CA880F7-7C15-4F57-85EC-CA794B3C16D1}.Release|x64.Build.0 = Release|x64
		{9CA880F7-7C15-4F57-85EC-CA794B3C16D1}.Release|x86.ActiveCfg = Release|Win32
		{9CA880F7-7C15-4F57-85EC-CA794B3C16D1}.Release|x86.Build.0 = Release|Win32
		{8AA697B2-E070-409E-93EC-305AC7826FED}.Debug|x64.ActiveCfg = Debug|x64
		{8AA697B2-E070-409E-93EC-305AC7826FED}.Debug|x64.Build.0 = Debug|x64
		{8AA697B2-E070-409E-93EC-305AC7826FED}.Debug|x86.ActiveCfg = Debug|Win32
		{8AA697B2-E070-409E-93EC-305AC7826FED}.Debug|x86.Build.0 = Debug|Win32
		{8AA697B2-E070-409E-93EC-305AC7826FED}.Release|x64.ActiveCfg = Release|x64
		{8AA697B2-E070-409E-93EC-305AC7826FED}.Release|x64.Build.0 = Release|x64
		{8AA697B2-E070-409E-93EC-305AC7826FED}.Release|x86.ActiveCfg = Release|Win32
		{8AA697B2-E070-409E-93EC-305AC7826FED}.Release|x86.Build.0 = Release|Win32
		{28CFA9EE-B4AF-42CE-8923-7259373AA86D}.Debug|x64.ActiveCfg = Debug|x64
		{28CFA9EE-B4AF-42CE-8923-7259373AA86D}.Debug|x64.Build.0 = Debug|x64
		{28CFA9EE-B4AF-42CE-8923-7259373AA86D}.Debug|x86.ActiveCfg = Debug|Win32
		{28CFA9EE-B4AF-42CE-8923-7259373AA86D}.Debug|x86.Build.0 = Debug|Win32
		{28CFA9EE-B4AF-42CE-8923-7259373AA86D}.Release|x64.ActiveCfg = Release|x64
		{28CFA9EE-B4AF-42CE-8923-7259373AA86D}.Release|x64.Build.0 = Release|x64
		{28CFA9EE-B4AF-42CE-8923-7259373AA86D}.Release|x86.ActiveCfg = Release|Win32
		{28CFA9EE-B4AF-42CE-8923-7259373AA86D}.Release|x86.Build.0 = Release|Win32
	EndGlobalSection
	GlobalSection(SolutionProperties) = preSolution
		HideSolutionNode = FALSE
	EndGlobalSection
	GlobalSection(ExtensibilityGlobals) = postSolution
		SolutionGuid = {008E2A2B-0522-4E01-81C2-33A9F8435C9F}
	EndGlobalSection
EndGlobal
